
Microsoft Visual Studio Solution File, Format Version 12.00
# Visual Studio Version 17
VisualStudioVersion = 17.6.33829.357
MinimumVisualStudioVersion = 10.0.40219.1
Project("{FAE04EC0-301F-11D3-BF4B-00C04F79EFBC}") = "bro1", "bro1.csproj", "{1B5AF24C-AF8F-46E2-896D-5D3DE1EA1631}"
EndProject
Global
	GlobalSection(SolutionConfigurationPlatforms) = preSolution
		Debug|Any CPU = Debug|Any CPU
		Release|Any CPU = Release|Any CPU
	EndGlobalSection
	GlobalSection(ProjectConfigurationPlatforms) = postSolution
		{1B5AF24C-AF8F-46E2-896D-5D3DE1EA1631}.Debug|Any CPU.ActiveCfg = Debug|Any CPU
		{1B5AF24C-AF8F-46E2-896D-5D3DE1EA1631}.Debug|Any CPU.Build.0 = Debug|Any CPU
		{1B5AF24C-AF8F-46E2-896D-5D3DE1EA1631}.Release|Any CPU.ActiveCfg = Release|Any CPU
		{1B5AF24C-AF8F-46E2-896D-5D3DE1EA1631}.Release|Any CPU.Build.0 = Release|Any CPU
	EndGlobalSection
	GlobalSection(SolutionProperties) = preSolution
		HideSolutionNode = FALSE
	EndGlobalSection
	GlobalSection(ExtensibilityGlobals) = postSolution
		SolutionGuid = {01AF2826-EA0D-4B6E-ADB2-474D2195A90C}
	EndGlobalSection
EndGlobal
